{
  "nodes": {
    "hamr-src": {
      "flake": false,
      "locked": {
        "lastModified": 1767873382,
        "narHash": "sha256-Uqcs9/mk+xZvoyr1oAZy3eu8khMWkyiFfGxjKKXmieA=",
        "owner": "Stewart86",
        "repo": "hamr",
        "rev": "8b00fe293fbbfbf5d5f14c51cf082c4eb0fcde9b",
        "type": "github"
      },
      "original": {
        "owner": "Stewart86",
        "repo": "hamr",
        "type": "github"
      }
    },
    "nixpkgs": {
      "locked": {
        "lastModified": 1767767207,
        "narHash": "sha256-Mj3d3PfwltLmukFal5i3fFt27L6NiKXdBezC1EBuZs4=",
        "owner": "NixOS",
        "repo": "nixpkgs",
        "rev": "5912c1772a44e31bf1c63c0390b90501e5026886",
        "type": "github"
      },
      "original": {
        "owner": "NixOS",
        "ref": "nixos-unstable",
        "repo": "nixpkgs",
        "type": "github"
      }
    },
    "root": {
      "inputs": {
        "hamr-src": "hamr-src",
        "nixpkgs": "nixpkgs"
      }
    }
  },
  "root": "root",
  "version": 7
}
